{
  "name": "javascript-desde-cero-main",
  "lockfileVersion": 3,
  "requires": true,
  "packages": {
    "": {
      "dependencies": {
        "03": "^1.0.3"
      }
    },
    "node_modules/03": {
      "version": "1.0.3",
      "resolved": "https://registry.npmjs.org/03/-/03-1.0.3.tgz",
      "integrity": "sha512-EeuFOTuUfbxD5K2IpWk7L3himh6zDUghhPhEXGJwSsOK3WrJNEJsH1h/aUE8NtBnQprYiUSLrjx1vUpc/givHg=="
    }
  }
}
